
Microsoft Visual Studio Solution File, Format Version 12.00
# Visual Studio Version 17
VisualStudioVersion = 17.1.32228.430
MinimumVisualStudioVersion = 10.0.40219.1
Project("{9A19103F-16F7-4668-BE54-9A1E7A4F7556}") = "11.2,nasled", "11.3\11.2,nasled.csproj", "{DA15B0E6-F99E-4EEA-A4EA-92A91432C5F5}"
EndProject
Global
	GlobalSection(SolutionConfigurationPlatforms) = preSolution
		Debug|Any CPU = Debug|Any CPU
		Release|Any CPU = Release|Any CPU
	EndGlobalSection
	GlobalSection(ProjectConfigurationPlatforms) = postSolution
		{DA15B0E6-F99E-4EEA-A4EA-92A91432C5F5}.Debug|Any CPU.ActiveCfg = Debug|Any CPU
		{DA15B0E6-F99E-4EEA-A4EA-92A91432C5F5}.Debug|Any CPU.Build.0 = Debug|Any CPU
		{DA15B0E6-F99E-4EEA-A4EA-92A91432C5F5}.Release|Any CPU.ActiveCfg = Release|Any CPU
		{DA15B0E6-F99E-4EEA-A4EA-92A91432C5F5}.Release|Any CPU.Build.0 = Release|Any CPU
	EndGlobalSection
	GlobalSection(SolutionProperties) = preSolution
		HideSolutionNode = FALSE
	EndGlobalSection
	GlobalSection(ExtensibilityGlobals) = postSolution
		SolutionGuid = {51A58345-64E0-4075-BDB9-875D3342834D}
	EndGlobalSection
EndGlobal
